// !$*UTF8*$!
{
	archiveVersion = 1;
	classes = {
	};
	objectVersion = 48;
	objects = {

/* Begin PBXBuildFile section */
		102206071FC4F86900797F5E /* WebView.swift in Sources */ = {isa = PBXBuildFile; fileRef = 102206061FC4F86800797F5E /* WebView.swift */; };
		10253CD11FC56CB300D9EAC1 /* MapView.swift in Sources */ = {isa = PBXBuildFile; fileRef = 10253CD01FC56CB200D9EAC1 /* MapView.swift */; };
		1029E9E41FCE71C3003CF013 /* database.swift in Sources */ = {isa = PBXBuildFile; fileRef = 1029E9E31FCE71C3003CF013 /* database.swift */; };
		107033AC1FBD0FC4007CC090 /* TabFactory.swift in Sources */ = {isa = PBXBuildFile; fileRef = 107033AB1FBD0FC4007CC090 /* TabFactory.swift */; };
		107C51111FB9898F002E93CD /* LabelFactory.swift in Sources */ = {isa = PBXBuildFile; fileRef = 107C51101FB9898F002E93CD /* LabelFactory.swift */; };
		107C51131FB98A63002E93CD /* ButtonFactory.swift in Sources */ = {isa = PBXBuildFile; fileRef = 107C51121FB98A63002E93CD /* ButtonFactory.swift */; };
		107C51151FB98A9A002E93CD /* ImageViewFactory.swift in Sources */ = {isa = PBXBuildFile; fileRef = 107C51141FB98A9A002E93CD /* ImageViewFactory.swift */; };
		107C51171FB98ADC002E93CD /* BaseView.swift in Sources */ = {isa = PBXBuildFile; fileRef = 107C51161FB98ADC002E93CD /* BaseView.swift */; };
		107C51191FB98BFF002E93CD /* EventCard.swift in Sources */ = {isa = PBXBuildFile; fileRef = 107C51181FB98BFF002E93CD /* EventCard.swift */; };
		107C511B1FB98D31002E93CD /* ButtonsView.swift in Sources */ = {isa = PBXBuildFile; fileRef = 107C511A1FB98D31002E93CD /* ButtonsView.swift */; };
		107C511D1FB98FB5002E93CD /* Swipeable.swift in Sources */ = {isa = PBXBuildFile; fileRef = 107C511C1FB98FB5002E93CD /* Swipeable.swift */; };
		10EC53411FC3E50900CF40BC /* Cell.swift in Sources */ = {isa = PBXBuildFile; fileRef = 10EC53401FC3E50900CF40BC /* Cell.swift */; };
		89AE7A0C1FC9971E00617A42 /* SQLite.framework in Frameworks */ = {isa = PBXBuildFile; fileRef = 89AE79FE1FC996E100617A42 /* SQLite.framework */; };
		89AE7A0D1FC9973400617A42 /* SQLite.framework in Frameworks */ = {isa = PBXBuildFile; fileRef = 89AE79FE1FC996E100617A42 /* SQLite.framework */; };
		89AE7A0E1FC9973400617A42 /* SQLite.framework in Embed Frameworks */ = {isa = PBXBuildFile; fileRef = 89AE79FE1FC996E100617A42 /* SQLite.framework */; settings = {ATTRIBUTES = (CodeSignOnCopy, RemoveHeadersOnCopy, ); }; };
		89AE7A151FCA327700617A42 /* login.swift in Sources */ = {isa = PBXBuildFile; fileRef = 89AE7A141FCA327700617A42 /* login.swift */; };
		89F6E74F1F9EDE4E00E7E7D3 /* SecondViewController.swift in Sources */ = {isa = PBXBuildFile; fileRef = 89F6E74E1F9EDE4E00E7E7D3 /* SecondViewController.swift */; };
		89F6E7511F9EDE6300E7E7D3 /* ThirdViewController.swift in Sources */ = {isa = PBXBuildFile; fileRef = 89F6E7501F9EDE6300E7E7D3 /* ThirdViewController.swift */; };
		983C217290A40D19E415866A /* Pods_Party.framework in Frameworks */ = {isa = PBXBuildFile; fileRef = 1A6DCC8A669F0E2F22857200 /* Pods_Party.framework */; };
		E70F91251F9ED4B000B6A84D /* AppDelegate.swift in Sources */ = {isa = PBXBuildFile; fileRef = E70F91241F9ED4B000B6A84D /* AppDelegate.swift */; };
		E70F91271F9ED4B000B6A84D /* FirstViewController.swift in Sources */ = {isa = PBXBuildFile; fileRef = E70F91261F9ED4B000B6A84D /* FirstViewController.swift */; };
		E70F912C1F9ED4B000B6A84D /* Assets.xcassets in Resources */ = {isa = PBXBuildFile; fileRef = E70F912B1F9ED4B000B6A84D /* Assets.xcassets */; };
		E70F912F1F9ED4B000B6A84D /* LaunchScreen.storyboard in Resources */ = {isa = PBXBuildFile; fileRef = E70F912D1F9ED4B000B6A84D /* LaunchScreen.storyboard */; };
/* End PBXBuildFile section */

/* Begin PBXContainerItemProxy section */
		89AE79FD1FC996E100617A42 /* PBXContainerItemProxy */ = {
			isa = PBXContainerItemProxy;
			containerPortal = 89AE79F31FC996E000617A42 /* SQLite.xcodeproj */;
			proxyType = 2;
			remoteGlobalIDString = EE247AD31C3F04ED00AE3E12;
			remoteInfo = "SQLite iOS";
		};
		89AE79FF1FC996E100617A42 /* PBXContainerItemProxy */ = {
			isa = PBXContainerItemProxy;
			containerPortal = 89AE79F31FC996E000617A42 /* SQLite.xcodeproj */;
			proxyType = 2;
			remoteGlobalIDString = EE247ADD1C3F04ED00AE3E12;
			remoteInfo = "SQLiteTests iOS";
		};
		89AE7A011FC996E100617A42 /* PBXContainerItemProxy */ = {
			isa = PBXContainerItemProxy;
			containerPortal = 89AE79F31FC996E000617A42 /* SQLite.xcodeproj */;
			proxyType = 2;
			remoteGlobalIDString = EE247B3C1C3F3ED000AE3E12;
			remoteInfo = "SQLite Mac";
		};
		89AE7A031FC996E100617A42 /* PBXContainerItemProxy */ = {
			isa = PBXContainerItemProxy;
			containerPortal = 89AE79F31FC996E000617A42 /* SQLite.xcodeproj */;
			proxyType = 2;
			remoteGlobalIDString = EE247B451C3F3ED000AE3E12;
			remoteInfo = "SQLiteTests Mac";
		};
		89AE7A051FC996E100617A42 /* PBXContainerItemProxy */ = {
			isa = PBXContainerItemProxy;
			containerPortal = 89AE79F31FC996E000617A42 /* SQLite.xcodeproj */;
			proxyType = 2;
			remoteGlobalIDString = 03A65E5A1C6BB0F50062603F;
			remoteInfo = "SQLite tvOS";
		};
		89AE7A071FC996E100617A42 /* PBXContainerItemProxy */ = {
			isa = PBXContainerItemProxy;
			containerPortal = 89AE79F31FC996E000617A42 /* SQLite.xcodeproj */;
			proxyType = 2;
			remoteGlobalIDString = 03A65E631C6BB0F60062603F;
			remoteInfo = "SQLiteTests tvOS";
		};
		89AE7A091FC996E100617A42 /* PBXContainerItemProxy */ = {
			isa = PBXContainerItemProxy;
			containerPortal = 89AE79F31FC996E000617A42 /* SQLite.xcodeproj */;
			proxyType = 2;
			remoteGlobalIDString = A121AC451CA35C79005A31D1;
			remoteInfo = "SQLite watchOS";
		};
		89AE7A0F1FC9973400617A42 /* PBXContainerItemProxy */ = {
			isa = PBXContainerItemProxy;
			containerPortal = 89AE79F31FC996E000617A42 /* SQLite.xcodeproj */;
			proxyType = 1;
			remoteGlobalIDString = EE247AD21C3F04ED00AE3E12;
			remoteInfo = "SQLite iOS";
		};
/* End PBXContainerItemProxy section */

/* Begin PBXCopyFilesBuildPhase section */
		89AE7A111FC9973400617A42 /* Embed Frameworks */ = {
			isa = PBXCopyFilesBuildPhase;
			buildActionMask = 2147483647;
			dstPath = "";
			dstSubfolderSpec = 10;
			files = (
				89AE7A0E1FC9973400617A42 /* SQLite.framework in Embed Frameworks */,
			);
			name = "Embed Frameworks";
			runOnlyForDeploymentPostprocessing = 0;
		};
/* End PBXCopyFilesBuildPhase section */

/* Begin PBXFileReference section */
		102206061FC4F86800797F5E /* WebView.swift */ = {isa = PBXFileReference; fileEncoding = 4; lastKnownFileType = sourcecode.swift; path = WebView.swift; sourceTree = "<group>"; };
		10253CD01FC56CB200D9EAC1 /* MapView.swift */ = {isa = PBXFileReference; fileEncoding = 4; lastKnownFileType = sourcecode.swift; path = MapView.swift; sourceTree = "<group>"; };
		1029E9E31FCE71C3003CF013 /* database.swift */ = {isa = PBXFileReference; lastKnownFileType = sourcecode.swift; path = database.swift; sourceTree = "<group>"; };
		107033AB1FBD0FC4007CC090 /* TabFactory.swift */ = {isa = PBXFileReference; lastKnownFileType = sourcecode.swift; path = TabFactory.swift; sourceTree = "<group>"; };
		107C51101FB9898F002E93CD /* LabelFactory.swift */ = {isa = PBXFileReference; lastKnownFileType = sourcecode.swift; path = LabelFactory.swift; sourceTree = "<group>"; };
		107C51121FB98A63002E93CD /* ButtonFactory.swift */ = {isa = PBXFileReference; lastKnownFileType = sourcecode.swift; path = ButtonFactory.swift; sourceTree = "<group>"; };
		107C51141FB98A9A002E93CD /* ImageViewFactory.swift */ = {isa = PBXFileReference; lastKnownFileType = sourcecode.swift; path = ImageViewFactory.swift; sourceTree = "<group>"; };
		107C51161FB98ADC002E93CD /* BaseView.swift */ = {isa = PBXFileReference; lastKnownFileType = sourcecode.swift; path = BaseView.swift; sourceTree = "<group>"; };
		107C51181FB98BFF002E93CD /* EventCard.swift */ = {isa = PBXFileReference; lastKnownFileType = sourcecode.swift; path = EventCard.swift; sourceTree = "<group>"; };
		107C511A1FB98D31002E93CD /* ButtonsView.swift */ = {isa = PBXFileReference; lastKnownFileType = sourcecode.swift; path = ButtonsView.swift; sourceTree = "<group>"; };
		107C511C1FB98FB5002E93CD /* Swipeable.swift */ = {isa = PBXFileReference; lastKnownFileType = sourcecode.swift; path = Swipeable.swift; sourceTree = "<group>"; };
		10EC53401FC3E50900CF40BC /* Cell.swift */ = {isa = PBXFileReference; lastKnownFileType = sourcecode.swift; path = Cell.swift; sourceTree = "<group>"; };
		1A6DCC8A669F0E2F22857200 /* Pods_Party.framework */ = {isa = PBXFileReference; explicitFileType = wrapper.framework; includeInIndex = 0; path = Pods_Party.framework; sourceTree = BUILT_PRODUCTS_DIR; };
		22984F49F5DF1C2998B74E8A /* Pods-Party.debug.xcconfig */ = {isa = PBXFileReference; includeInIndex = 1; lastKnownFileType = text.xcconfig; name = "Pods-Party.debug.xcconfig"; path = "Pods/Target Support Files/Pods-Party/Pods-Party.debug.xcconfig"; sourceTree = "<group>"; };
		6D081BCE994612BE0B98CB85 /* Pods-Party.release.xcconfig */ = {isa = PBXFileReference; includeInIndex = 1; lastKnownFileType = text.xcconfig; name = "Pods-Party.release.xcconfig"; path = "Pods/Target Support Files/Pods-Party/Pods-Party.release.xcconfig"; sourceTree = "<group>"; };
		89AE79F31FC996E000617A42 /* SQLite.xcodeproj */ = {isa = PBXFileReference; lastKnownFileType = "wrapper.pb-project"; name = SQLite.xcodeproj; path = "../SQLite.swift-master/SQLite.xcodeproj"; sourceTree = "<group>"; };
		89AE7A141FCA327700617A42 /* login.swift */ = {isa = PBXFileReference; lastKnownFileType = sourcecode.swift; path = login.swift; sourceTree = "<group>"; };
		89F6E74E1F9EDE4E00E7E7D3 /* SecondViewController.swift */ = {isa = PBXFileReference; lastKnownFileType = sourcecode.swift; path = SecondViewController.swift; sourceTree = "<group>"; };
		89F6E7501F9EDE6300E7E7D3 /* ThirdViewController.swift */ = {isa = PBXFileReference; lastKnownFileType = sourcecode.swift; path = ThirdViewController.swift; sourceTree = "<group>"; };
		E70F91211F9ED4B000B6A84D /* Party.app */ = {isa = PBXFileReference; explicitFileType = wrapper.application; includeInIndex = 0; path = Party.app; sourceTree = BUILT_PRODUCTS_DIR; };
		E70F91241F9ED4B000B6A84D /* AppDelegate.swift */ = {isa = PBXFileReference; lastKnownFileType = sourcecode.swift; path = AppDelegate.swift; sourceTree = "<group>"; };
		E70F91261F9ED4B000B6A84D /* FirstViewController.swift */ = {isa = PBXFileReference; lastKnownFileType = sourcecode.swift; path = FirstViewController.swift; sourceTree = "<group>"; };
		E70F912B1F9ED4B000B6A84D /* Assets.xcassets */ = {isa = PBXFileReference; lastKnownFileType = folder.assetcatalog; path = Assets.xcassets; sourceTree = "<group>"; };
		E70F912E1F9ED4B000B6A84D /* Base */ = {isa = PBXFileReference; lastKnownFileType = file.storyboard; name = Base; path = Base.lproj/LaunchScreen.storyboard; sourceTree = "<group>"; };
		E70F91301F9ED4B000B6A84D /* Info.plist */ = {isa = PBXFileReference; lastKnownFileType = text.plist.xml; path = Info.plist; sourceTree = "<group>"; };
/* End PBXFileReference section */

/* Begin PBXFrameworksBuildPhase section */
		E70F911E1F9ED4B000B6A84D /* Frameworks */ = {
			isa = PBXFrameworksBuildPhase;
			buildActionMask = 2147483647;
			files = (
				89AE7A0D1FC9973400617A42 /* SQLite.framework in Frameworks */,
				89AE7A0C1FC9971E00617A42 /* SQLite.framework in Frameworks */,
				983C217290A40D19E415866A /* Pods_Party.framework in Frameworks */,
			);
			runOnlyForDeploymentPostprocessing = 0;
		};
/* End PBXFrameworksBuildPhase section */

/* Begin PBXGroup section */
		89AE79F41FC996E000617A42 /* Products */ = {
			isa = PBXGroup;
			children = (
				89AE79FE1FC996E100617A42 /* SQLite.framework */,
				89AE7A001FC996E100617A42 /* SQLiteTests iOS.xctest */,
				89AE7A021FC996E100617A42 /* SQLite.framework */,
				89AE7A041FC996E100617A42 /* SQLiteTests Mac.xctest */,
				89AE7A061FC996E100617A42 /* SQLite.framework */,
				89AE7A081FC996E100617A42 /* SQLiteTests tvOS.xctest */,
				89AE7A0A1FC996E100617A42 /* SQLite.framework */,
			);
			name = Products;
			sourceTree = "<group>";
		};
		89AE7A0B1FC9971E00617A42 /* Frameworks */ = {
			isa = PBXGroup;
			children = (
				1A6DCC8A669F0E2F22857200 /* Pods_Party.framework */,
			);
			name = Frameworks;
			sourceTree = "<group>";
		};
		95E84683CB2C562A699AB1D6 /* Pods */ = {
			isa = PBXGroup;
			children = (
				22984F49F5DF1C2998B74E8A /* Pods-Party.debug.xcconfig */,
				6D081BCE994612BE0B98CB85 /* Pods-Party.release.xcconfig */,
			);
			name = Pods;
			sourceTree = "<group>";
		};
		E70F91181F9ED4B000B6A84D = {
			isa = PBXGroup;
			children = (
				E70F91231F9ED4B000B6A84D /* Party */,
				E70F91221F9ED4B000B6A84D /* Products */,
				89AE79F31FC996E000617A42 /* SQLite.xcodeproj */,
				89AE7A0B1FC9971E00617A42 /* Frameworks */,
				95E84683CB2C562A699AB1D6 /* Pods */,
			);
			sourceTree = "<group>";
		};
		E70F91221F9ED4B000B6A84D /* Products */ = {
			isa = PBXGroup;
			children = (
				E70F91211F9ED4B000B6A84D /* Party.app */,
			);
			name = Products;
			sourceTree = "<group>";
		};
		E70F91231F9ED4B000B6A84D /* Party */ = {
			isa = PBXGroup;
			children = (
				E70F91241F9ED4B000B6A84D /* AppDelegate.swift */,
				89AE7A141FCA327700617A42 /* login.swift */,
				107C51101FB9898F002E93CD /* LabelFactory.swift */,
				107C51121FB98A63002E93CD /* ButtonFactory.swift */,
				107C51141FB98A9A002E93CD /* ImageViewFactory.swift */,
				107C51161FB98ADC002E93CD /* BaseView.swift */,
				107C51181FB98BFF002E93CD /* EventCard.swift */,
				10253CD01FC56CB200D9EAC1 /* MapView.swift */,
				107033AB1FBD0FC4007CC090 /* TabFactory.swift */,
				107C511A1FB98D31002E93CD /* ButtonsView.swift */,
				89F6E7501F9EDE6300E7E7D3 /* ThirdViewController.swift */,
				89F6E74E1F9EDE4E00E7E7D3 /* SecondViewController.swift */,
				107C511C1FB98FB5002E93CD /* Swipeable.swift */,
				E70F91261F9ED4B000B6A84D /* FirstViewController.swift */,
				1029E9E31FCE71C3003CF013 /* database.swift */,
				102206061FC4F86800797F5E /* WebView.swift */,
				10EC53401FC3E50900CF40BC /* Cell.swift */,
				E70F912B1F9ED4B000B6A84D /* Assets.xcassets */,
				E70F912D1F9ED4B000B6A84D /* LaunchScreen.storyboard */,
				E70F91301F9ED4B000B6A84D /* Info.plist */,
			);
			path = Party;
			sourceTree = "<group>";
		};
/* End PBXGroup section */

/* Begin PBXNativeTarget section */
		E70F91201F9ED4B000B6A84D /* Party */ = {
			isa = PBXNativeTarget;
			buildConfigurationList = E70F91331F9ED4B000B6A84D /* Build configuration list for PBXNativeTarget "Party" */;
			buildPhases = (
				1FC81AADADFBEBF1354325F9 /* [CP] Check Pods Manifest.lock */,
				E70F911D1F9ED4B000B6A84D /* Sources */,
				E70F911E1F9ED4B000B6A84D /* Frameworks */,
				E70F911F1F9ED4B000B6A84D /* Resources */,
				89AE7A111FC9973400617A42 /* Embed Frameworks */,
				86080E5FBA158B9CE84C8F79 /* [CP] Embed Pods Frameworks */,
				3229B50EE795C024237E475C /* [CP] Copy Pods Resources */,
			);
			buildRules = (
			);
			dependencies = (
				89AE7A101FC9973400617A42 /* PBXTargetDependency */,
			);
			name = Party;
			productName = Party;
			productReference = E70F91211F9ED4B000B6A84D /* Party.app */;
			productType = "com.apple.product-type.application";
		};
/* End PBXNativeTarget section */

/* Begin PBXProject section */
		E70F91191F9ED4B000B6A84D /* Project object */ = {
			isa = PBXProject;
			attributes = {
				LastSwiftUpdateCheck = 0900;
				LastUpgradeCheck = 0900;
				ORGANIZATIONNAME = alan;
				TargetAttributes = {
					E70F91201F9ED4B000B6A84D = {
						CreatedOnToolsVersion = 9.0;
						ProvisioningStyle = Automatic;
					};
				};
			};
			buildConfigurationList = E70F911C1F9ED4B000B6A84D /* Build configuration list for PBXProject "Party" */;
			compatibilityVersion = "Xcode 8.0";
			developmentRegion = en;
			hasScannedForEncodings = 0;
			knownRegions = (
				en,
				Base,
			);
			mainGroup = E70F91181F9ED4B000B6A84D;
			productRefGroup = E70F91221F9ED4B000B6A84D /* Products */;
			projectDirPath = "";
			projectReferences = (
				{
					ProductGroup = 89AE79F41FC996E000617A42 /* Products */;
					ProjectRef = 89AE79F31FC996E000617A42 /* SQLite.xcodeproj */;
				},
			);
			projectRoot = "";
			targets = (
				E70F91201F9ED4B000B6A84D /* Party */,
			);
		};
/* End PBXProject section */

/* Begin PBXReferenceProxy section */
		89AE79FE1FC996E100617A42 /* SQLite.framework */ = {
			isa = PBXReferenceProxy;
			fileType = wrapper.framework;
			path = SQLite.framework;
			remoteRef = 89AE79FD1FC996E100617A42 /* PBXContainerItemProxy */;
			sourceTree = BUILT_PRODUCTS_DIR;
		};
		89AE7A001FC996E100617A42 /* SQLiteTests iOS.xctest */ = {
			isa = PBXReferenceProxy;
			fileType = wrapper.cfbundle;
			path = "SQLiteTests iOS.xctest";
			remoteRef = 89AE79FF1FC996E100617A42 /* PBXContainerItemProxy */;
			sourceTree = BUILT_PRODUCTS_DIR;
		};
		89AE7A021FC996E100617A42 /* SQLite.framework */ = {
			isa = PBXReferenceProxy;
			fileType = wrapper.framework;
			path = SQLite.framework;
			remoteRef = 89AE7A011FC996E100617A42 /* PBXContainerItemProxy */;
			sourceTree = BUILT_PRODUCTS_DIR;
		};
		89AE7A041FC996E100617A42 /* SQLiteTests Mac.xctest */ = {
			isa = PBXReferenceProxy;
			fileType = wrapper.cfbundle;
			path = "SQLiteTests Mac.xctest";
			remoteRef = 89AE7A031FC996E100617A42 /* PBXContainerItemProxy */;
			sourceTree = BUILT_PRODUCTS_DIR;
		};
		89AE7A061FC996E100617A42 /* SQLite.framework */ = {
			isa = PBXReferenceProxy;
			fileType = wrapper.framework;
			path = SQLite.framework;
			remoteRef = 89AE7A051FC996E100617A42 /* PBXContainerItemProxy */;
			sourceTree = BUILT_PRODUCTS_DIR;
		};
		89AE7A081FC996E100617A42 /* SQLiteTests tvOS.xctest */ = {
			isa = PBXReferenceProxy;
			fileType = wrapper.cfbundle;
			path = "SQLiteTests tvOS.xctest";
			remoteRef = 89AE7A071FC996E100617A42 /* PBXContainerItemProxy */;
			sourceTree = BUILT_PRODUCTS_DIR;
		};
		89AE7A0A1FC996E100617A42 /* SQLite.framework */ = {
			isa = PBXReferenceProxy;
			fileType = wrapper.framework;
			path = SQLite.framework;
			remoteRef = 89AE7A091FC996E100617A42 /* PBXContainerItemProxy */;
			sourceTree = BUILT_PRODUCTS_DIR;
		};
/* End PBXReferenceProxy section */

/* Begin PBXResourcesBuildPhase section */
		E70F911F1F9ED4B000B6A84D /* Resources */ = {
			isa = PBXResourcesBuildPhase;
			buildActionMask = 2147483647;
			files = (
				E70F912F1F9ED4B000B6A84D /* LaunchScreen.storyboard in Resources */,
				E70F912C1F9ED4B000B6A84D /* Assets.xcassets in Resources */,
			);
			runOnlyForDeploymentPostprocessing = 0;
		};
/* End PBXResourcesBuildPhase section */

/* Begin PBXShellScriptBuildPhase section */
		1FC81AADADFBEBF1354325F9 /* [CP] Check Pods Manifest.lock */ = {
			isa = PBXShellScriptBuildPhase;
			buildActionMask = 2147483647;
			files = (
			);
			inputPaths = (
				"${PODS_PODFILE_DIR_PATH}/Podfile.lock",
				"${PODS_ROOT}/Manifest.lock",
			);
			name = "[CP] Check Pods Manifest.lock";
			outputPaths = (
				"$(DERIVED_FILE_DIR)/Pods-Party-checkManifestLockResult.txt",
			);
			runOnlyForDeploymentPostprocessing = 0;
			shellPath = /bin/sh;
			shellScript = "diff \"${PODS_PODFILE_DIR_PATH}/Podfile.lock\" \"${PODS_ROOT}/Manifest.lock\" > /dev/null\nif [ $? != 0 ] ; then\n    # print error to STDERR\n    echo \"error: The sandbox is not in sync with the Podfile.lock. Run 'pod install' or update your CocoaPods installation.\" >&2\n    exit 1\nfi\n# This output is used by Xcode 'outputs' to avoid re-running this script phase.\necho \"SUCCESS\" > \"${SCRIPT_OUTPUT_FILE_0}\"\n";
			showEnvVarsInLog = 0;
		};
		3229B50EE795C024237E475C /* [CP] Copy Pods Resources */ = {
			isa = PBXShellScriptBuildPhase;
			buildActionMask = 2147483647;
			files = (
			);
			inputPaths = (
			);
			name = "[CP] Copy Pods Resources";
			outputPaths = (
			);
			runOnlyForDeploymentPostprocessing = 0;
			shellPath = /bin/sh;
			shellScript = "\"${SRCROOT}/Pods/Target Support Files/Pods-Party/Pods-Party-resources.sh\"\n";
			showEnvVarsInLog = 0;
		};
		86080E5FBA158B9CE84C8F79 /* [CP] Embed Pods Frameworks */ = {
			isa = PBXShellScriptBuildPhase;
			buildActionMask = 2147483647;
			files = (
			);
			inputPaths = (
				"${SRCROOT}/Pods/Target Support Files/Pods-Party/Pods-Party-frameworks.sh",
				"${BUILT_PRODUCTS_DIR}/Bolts/Bolts.framework",
				"${BUILT_PRODUCTS_DIR}/FBSDKCoreKit/FBSDKCoreKit.framework",
				"${BUILT_PRODUCTS_DIR}/FBSDKLoginKit/FBSDKLoginKit.framework",
				"${BUILT_PRODUCTS_DIR}/FBSDKShareKit/FBSDKShareKit.framework",
				"${BUILT_PRODUCTS_DIR}/FacebookCore/FacebookCore.framework",
				"${BUILT_PRODUCTS_DIR}/FacebookLogin/FacebookLogin.framework",
				"${BUILT_PRODUCTS_DIR}/FacebookShare/FacebookShare.framework",
			);
			name = "[CP] Embed Pods Frameworks";
			outputPaths = (
				"${TARGET_BUILD_DIR}/${FRAMEWORKS_FOLDER_PATH}/Bolts.framework",
				"${TARGET_BUILD_DIR}/${FRAMEWORKS_FOLDER_PATH}/FBSDKCoreKit.framework",
				"${TARGET_BUILD_DIR}/${FRAMEWORKS_FOLDER_PATH}/FBSDKLoginKit.framework",
				"${TARGET_BUILD_DIR}/${FRAMEWORKS_FOLDER_PATH}/FBSDKShareKit.framework",
				"${TARGET_BUILD_DIR}/${FRAMEWORKS_FOLDER_PATH}/FacebookCore.framework",
				"${TARGET_BUILD_DIR}/${FRAMEWORKS_FOLDER_PATH}/FacebookLogin.framework",
				"${TARGET_BUILD_DIR}/${FRAMEWORKS_FOLDER_PATH}/FacebookShare.framework",
			);
			runOnlyForDeploymentPostprocessing = 0;
			shellPath = /bin/sh;
			shellScript = "\"${SRCROOT}/Pods/Target Support Files/Pods-Party/Pods-Party-frameworks.sh\"\n";
			showEnvVarsInLog = 0;
		};
/* End PBXShellScriptBuildPhase section */

/* Begin PBXSourcesBuildPhase section */
		E70F911D1F9ED4B000B6A84D /* Sources */ = {
			isa = PBXSourcesBuildPhase;
			buildActionMask = 2147483647;
			files = (
				107C51131FB98A63002E93CD /* ButtonFactory.swift in Sources */,
				89F6E74F1F9EDE4E00E7E7D3 /* SecondViewController.swift in Sources */,
				107033AC1FBD0FC4007CC090 /* TabFactory.swift in Sources */,
				89F6E7511F9EDE6300E7E7D3 /* ThirdViewController.swift in Sources */,
				E70F91271F9ED4B000B6A84D /* FirstViewController.swift in Sources */,
				10EC53411FC3E50900CF40BC /* Cell.swift in Sources */,
				107C51151FB98A9A002E93CD /* ImageViewFactory.swift in Sources */,
				1029E9E41FCE71C3003CF013 /* database.swift in Sources */,
				10253CD11FC56CB300D9EAC1 /* MapView.swift in Sources */,
				107C51111FB9898F002E93CD /* LabelFactory.swift in Sources */,
				107C511B1FB98D31002E93CD /* ButtonsView.swift in Sources */,
				107C511D1FB98FB5002E93CD /* Swipeable.swift in Sources */,
				E70F91251F9ED4B000B6A84D /* AppDelegate.swift in Sources */,
				107C51191FB98BFF002E93CD /* EventCard.swift in Sources */,
				107C51171FB98ADC002E93CD /* BaseView.swift in Sources */,
				102206071FC4F86900797F5E /* WebView.swift in Sources */,
				89AE7A151FCA327700617A42 /* login.swift in Sources */,
			);
			runOnlyForDeploymentPostprocessing = 0;
		};
/* End PBXSourcesBuildPhase section */

/* Begin PBXTargetDependency section */
		89AE7A101FC9973400617A42 /* PBXTargetDependency */ = {
			isa = PBXTargetDependency;
			name = "SQLite iOS";
			targetProxy = 89AE7A0F1FC9973400617A42 /* PBXContainerItemProxy */;
		};
/* End PBXTargetDependency section */

/* Begin PBXVariantGroup section */
		E70F912D1F9ED4B000B6A84D /* LaunchScreen.storyboard */ = {
			isa = PBXVariantGroup;
			children = (
				E70F912E1F9ED4B000B6A84D /* Base */,
			);
			name = LaunchScreen.storyboard;
			sourceTree = "<group>";
		};
/* End PBXVariantGroup section */

/* Begin XCBuildConfiguration section */
		E70F91311F9ED4B000B6A84D /* Debug */ = {
			isa = XCBuildConfiguration;
			buildSettings = {
				ALWAYS_SEARCH_USER_PATHS = NO;
				CLANG_ANALYZER_NONNULL = YES;
				CLANG_ANALYZER_NUMBER_OBJECT_CONVERSION = YES_AGGRESSIVE;
				CLANG_CXX_LANGUAGE_STANDARD = "gnu++14";
				CLANG_CXX_LIBRARY = "libc++";
				CLANG_ENABLE_MODULES = YES;
				CLANG_ENABLE_OBJC_ARC = YES;
				CLANG_WARN_BLOCK_CAPTURE_AUTORELEASING = YES;
				CLANG_WARN_BOOL_CONVERSION = YES;
				CLANG_WARN_COMMA = YES;
				CLANG_WARN_CONSTANT_CONVERSION = YES;
				CLANG_WARN_DIRECT_OBJC_ISA_USAGE = YES_ERROR;
				CLANG_WARN_DOCUMENTATION_COMMENTS = YES;
				CLANG_WARN_EMPTY_BODY = YES;
				CLANG_WARN_ENUM_CONVERSION = YES;
				CLANG_WARN_INFINITE_RECURSION = YES;
				CLANG_WARN_INT_CONVERSION = YES;
				CLANG_WARN_NON_LITERAL_NULL_CONVERSION = YES;
				CLANG_WARN_OBJC_LITERAL_CONVERSION = YES;
				CLANG_WARN_OBJC_ROOT_CLASS = YES_ERROR;
				CLANG_WARN_RANGE_LOOP_ANALYSIS = YES;
				CLANG_WARN_STRICT_PROTOTYPES = YES;
				CLANG_WARN_SUSPICIOUS_MOVE = YES;
				CLANG_WARN_UNGUARDED_AVAILABILITY = YES_AGGRESSIVE;
				CLANG_WARN_UNREACHABLE_CODE = YES;
				CLANG_WARN__DUPLICATE_METHOD_MATCH = YES;
				CODE_SIGN_IDENTITY = "iPhone Developer";
				COPY_PHASE_STRIP = NO;
				DEBUG_INFORMATION_FORMAT = dwarf;
				ENABLE_STRICT_OBJC_MSGSEND = YES;
				ENABLE_TESTABILITY = YES;
				GCC_C_LANGUAGE_STANDARD = gnu11;
				GCC_DYNAMIC_NO_PIC = NO;
				GCC_NO_COMMON_BLOCKS = YES;
				GCC_OPTIMIZATION_LEVEL = 0;
				GCC_PREPROCESSOR_DEFINITIONS = (
					"DEBUG=1",
					"$(inherited)",
				);
				GCC_WARN_64_TO_32_BIT_CONVERSION = YES;
				GCC_WARN_ABOUT_RETURN_TYPE = YES_ERROR;
				GCC_WARN_UNDECLARED_SELECTOR = YES;
				GCC_WARN_UNINITIALIZED_AUTOS = YES_AGGRESSIVE;
				GCC_WARN_UNUSED_FUNCTION = YES;
				GCC_WARN_UNUSED_VARIABLE = YES;
				IPHONEOS_DEPLOYMENT_TARGET = 11.0;
				MTL_ENABLE_DEBUG_INFO = YES;
				ONLY_ACTIVE_ARCH = YES;
				SDKROOT = iphoneos;
				SWIFT_ACTIVE_COMPILATION_CONDITIONS = DEBUG;
				SWIFT_OPTIMIZATION_LEVEL = "-Onone";
			};
			name = Debug;
		};
		E70F91321F9ED4B000B6A84D /* Release */ = {
			isa = XCBuildConfiguration;
			buildSettings = {
				ALWAYS_SEARCH_USER_PATHS = NO;
				CLANG_ANALYZER_NONNULL = YES;
				CLANG_ANALYZER_NUMBER_OBJECT_CONVERSION = YES_AGGRESSIVE;
				CLANG_CXX_LANGUAGE_STANDARD = "gnu++14";
				CLANG_CXX_LIBRARY = "libc++";
				CLANG_ENABLE_MODULES = YES;
				CLANG_ENABLE_OBJC_ARC = YES;
				CLANG_WARN_BLOCK_CAPTURE_AUTORELEASING = YES;
				CLANG_WARN_BOOL_CONVERSION = YES;
				CLANG_WARN_COMMA = YES;
				CLANG_WARN_CONSTANT_CONVERSION = YES;
				CLANG_WARN_DIRECT_OBJC_ISA_USAGE = YES_ERROR;
				CLANG_WARN_DOCUMENTATION_COMMENTS = YES;
				CLANG_WARN_EMPTY_BODY = YES;
				CLANG_WARN_ENUM_CONVERSION = YES;
				CLANG_WARN_INFINITE_RECURSION = YES;
				CLANG_WARN_INT_CONVERSION = YES;
				CLANG_WARN_NON_LITERAL_NULL_CONVERSION = YES;
				CLANG_WARN_OBJC_LITERAL_CONVERSION = YES;
				CLANG_WARN_OBJC_ROOT_CLASS = YES_ERROR;
				CLANG_WARN_RANGE_LOOP_ANALYSIS = YES;
				CLANG_WARN_STRICT_PROTOTYPES = YES;
				CLANG_WARN_SUSPICIOUS_MOVE = YES;
				CLANG_WARN_UNGUARDED_AVAILABILITY = YES_AGGRESSIVE;
				CLANG_WARN_UNREACHABLE_CODE = YES;
				CLANG_WARN__DUPLICATE_METHOD_MATCH = YES;
				CODE_SIGN_IDENTITY = "iPhone Developer";
				COPY_PHASE_STRIP = NO;
				DEBUG_INFORMATION_FORMAT = "dwarf-with-dsym";
				ENABLE_NS_ASSERTIONS = NO;
				ENABLE_STRICT_OBJC_MSGSEND = YES;
				GCC_C_LANGUAGE_STANDARD = gnu11;
				GCC_NO_COMMON_BLOCKS = YES;
				GCC_WARN_64_TO_32_BIT_CONVERSION = YES;
				GCC_WARN_ABOUT_RETURN_TYPE = YES_ERROR;
				GCC_WARN_UNDECLARED_SELECTOR = YES;
				GCC_WARN_UNINITIALIZED_AUTOS = YES_AGGRESSIVE;
				GCC_WARN_UNUSED_FUNCTION = YES;
				GCC_WARN_UNUSED_VARIABLE = YES;
				IPHONEOS_DEPLOYMENT_TARGET = 11.0;
				MTL_ENABLE_DEBUG_INFO = NO;
				SDKROOT = iphoneos;
				SWIFT_OPTIMIZATION_LEVEL = "-Owholemodule";
				VALIDATE_PRODUCT = YES;
			};
			name = Release;
		};
		E70F91341F9ED4B000B6A84D /* Debug */ = {
			isa = XCBuildConfiguration;
			baseConfigurationReference = 22984F49F5DF1C2998B74E8A /* Pods-Party.debug.xcconfig */;
			buildSettings = {
				ALWAYS_EMBED_SWIFT_STANDARD_LIBRARIES = YES;
				ASSETCATALOG_COMPILER_APPICON_NAME = AppIcon;
				CODE_SIGN_STYLE = Automatic;
				DEVELOPMENT_TEAM = 6WA6Y7KBQJ;
				INFOPLIST_FILE = Party/Info.plist;
				LD_RUNPATH_SEARCH_PATHS = "$(inherited) @executable_path/Frameworks";
				PRODUCT_BUNDLE_IDENTIFIER = trillion.Party;
				PRODUCT_NAME = "$(TARGET_NAME)";
				SWIFT_VERSION = 4.0;
				TARGETED_DEVICE_FAMILY = "1,2";
			};
			name = Debug;
		};
		E70F91351F9ED4B000B6A84D /* Release */ = {
			isa = XCBuildConfiguration;
			baseConfigurationReference = 6D081BCE994612BE0B98CB85 /* Pods-Party.release.xcconfig */;
			buildSettings = {
				ALWAYS_EMBED_SWIFT_STANDARD_LIBRARIES = YES;
				ASSETCATALOG_COMPILER_APPICON_NAME = AppIcon;
				CODE_SIGN_STYLE = Automatic;
				DEVELOPMENT_TEAM = 6WA6Y7KBQJ;
				INFOPLIST_FILE = Party/Info.plist;
				LD_RUNPATH_SEARCH_PATHS = "$(inherited) @executable_path/Frameworks";
				PRODUCT_BUNDLE_IDENTIFIER = trillion.Party;
				PRODUCT_NAME = "$(TARGET_NAME)";
				SWIFT_VERSION = 4.0;
				TARGETED_DEVICE_FAMILY = "1,2";
			};
			name = Release;
		};
/* End XCBuildConfiguration section */

/* Begin XCConfigurationList section */
		E70F911C1F9ED4B000B6A84D /* Build configuration list for PBXProject "Party" */ = {
			isa = XCConfigurationList;
			buildConfigurations = (
				E70F91311F9ED4B000B6A84D /* Debug */,
				E70F91321F9ED4B000B6A84D /* Release */,
			);
			defaultConfigurationIsVisible = 0;
			defaultConfigurationName = Release;
		};
		E70F91331F9ED4B000B6A84D /* Build configuration list for PBXNativeTarget "Party" */ = {
			isa = XCConfigurationList;
			buildConfigurations = (
				E70F91341F9ED4B000B6A84D /* Debug */,
				E70F91351F9ED4B000B6A84D /* Release */,
			);
			defaultConfigurationIsVisible = 0;
			defaultConfigurationName = Release;
		};
/* End XCConfigurationList section */
	};
	rootObject = E70F91191F9ED4B000B6A84D /* Project object */;
}
